PODS:
  - AFNetworking (2.4.1):
    - AFNetworking/NSURLConnection (= 2.4.1)
    - AFNetworking/NSURLSession (= 2.4.1)
    - AFNetworking/Reachability (= 2.4.1)
    - AFNetworking/Security (= 2.4.1)
    - AFNetworking/Serialization (= 2.4.1)
    - AFNetworking/UIKit (= 2.4.1)
  - AFNetworking/NSURLConnection (2.4.1):
    - AFNetworking/Reachability
    - AFNetworking/Security
    - AFNetworking/Serialization
  - AFNetworking/NSURLSession (2.4.1):
    - AFNetworking/Reachability
    - AFNetworking/Security
    - AFNetworking/Serialization
  - AFNetworking/Reachability (2.4.1)
  - AFNetworking/Security (2.4.1)
  - AFNetworking/Serialization (2.4.1)
  - ObjectiveRecord (HEAD based on 1.5.0):
    - ObjectiveSugar
  - ObjectiveSugar (1.1.0)
  - Ono (1.0.1)
  - Sparkle (1.8.0)

DEPENDENCIES:
  - AFNetworking (~> 2)
  - ObjectiveRecord (HEAD)
  - Ono (~> 1.0.0)
  - Sparkle (~> 1)

SPEC CHECKSUMS:
  AFNetworking: 41d45d2c14219af0fa5addf3cfd433a002c13c9f
  ObjectiveRecord: f290d17272e476b3c881300910e98284200c54b6
  ObjectiveSugar: a6a25f23d657c19df0a0b972466d5b5ca9f5295c
  Ono: 5914aa3dbb6de821fc2ac3b687f3be536ed36615
  Sparkle: 3adb45d38bcdf80caf505f2b4cd693031db70835

COCOAPODS: 0.38.2
