PODS:
  - AFNetworking (2.2.4):
    - AFNetworking/NSURLConnection
    - AFNetworking/NSURLSession
    - AFNetworking/Reachability
    - AFNetworking/Security
    - AFNetworking/Serialization
    - AFNetworking/UIKit
  - AFNetworking/NSURLConnection (2.2.4):
    - AFNetworking/Reachability
    - AFNetworking/Security
    - AFNetworking/Serialization
  - AFNetworking/NSURLSession (2.2.4):
    - AFNetworking/NSURLConnection
  - AFNetworking/Reachability (2.2.4)
  - AFNetworking/Security (2.2.4)
  - AFNetworking/Serialization (2.2.4)
  - Ono (1.0.1)
  - Sparkle-pornel (1.6.1)

DEPENDENCIES:
  - AFNetworking (~> 2)
  - Ono (~> 1.0.0)
  - Sparkle-pornel (~> 1.6)

SPEC CHECKSUMS:
  AFNetworking: ab63e259fe91eef4519b371ef0a4955af0e73e64
  Ono: 56b64b266667f012bce9885f7764bf65b84f027a
  Sparkle-pornel: dfb419ba2135a0b7e9c686c566eeb4abb5af2df1

COCOAPODS: 0.33.1
